// !$*UTF8*$!
{
	archiveVersion = 1;
	classes = {
	};
	objectVersion = 56;
	objects = {

/* Begin PBXBuildFile section */
		A5C1A2D02B2DE50C00969D64 /* FirstAppIOSApp.swift in Sources */ = {isa = PBXBuildFile; fileRef = A5C1A2CF2B2DE50C00969D64 /* FirstAppIOSApp.swift */; };
		A5C1A2D22B2DE50C00969D64 /* ContentView.swift in Sources */ = {isa = PBXBuildFile; fileRef = A5C1A2D12B2DE50C00969D64 /* ContentView.swift */; };
		A5C1A2D42B2DE50E00969D64 /* Assets.xcassets in Resources */ = {isa = PBXBuildFile; fileRef = A5C1A2D32B2DE50E00969D64 /* Assets.xcassets */; };
		A5C1A2D72B2DE50E00969D64 /* Preview Assets.xcassets in Resources */ = {isa = PBXBuildFile; fileRef = A5C1A2D62B2DE50E00969D64 /* Preview Assets.xcassets */; };
		A5C1A2E12B2DE50E00969D64 /* FirstAppIOSTests.swift in Sources */ = {isa = PBXBuildFile; fileRef = A5C1A2E02B2DE50E00969D64 /* FirstAppIOSTests.swift */; };
		A5C1A2EB2B2DE50E00969D64 /* FirstAppIOSUITests.swift in Sources */ = {isa = PBXBuildFile; fileRef = A5C1A2EA2B2DE50E00969D64 /* FirstAppIOSUITests.swift */; };
		A5C1A2ED2B2DE50E00969D64 /* FirstAppIOSUITestsLaunchTests.swift in Sources */ = {isa = PBXBuildFile; fileRef = A5C1A2EC2B2DE50E00969D64 /* FirstAppIOSUITestsLaunchTests.swift */; };
/* End PBXBuildFile section */

/* Begin PBXContainerItemProxy section */
		A5C1A2DD2B2DE50E00969D64 /* PBXContainerItemProxy */ = {
			isa = PBXContainerItemProxy;
			containerPortal = A5C1A2C42B2DE50C00969D64 /* Project object */;
			proxyType = 1;
			remoteGlobalIDString = A5C1A2CB2B2DE50C00969D64;
			remoteInfo = FirstAppIOS;
		};
		A5C1A2E72B2DE50E00969D64 /* PBXContainerItemProxy */ = {
			isa = PBXContainerItemProxy;
			containerPortal = A5C1A2C42B2DE50C00969D64 /* Project object */;
			proxyType = 1;
			remoteGlobalIDString = A5C1A2CB2B2DE50C00969D64;
			remoteInfo = FirstAppIOS;
		};
/* End PBXContainerItemProxy section */

/* Begin PBXFileReference section */
		A5C1A2CC2B2DE50C00969D64 /* FirstAppIOS.app */ = {isa = PBXFileReference; explicitFileType = wrapper.application; includeInIndex = 0; path = FirstAppIOS.app; sourceTree = BUILT_PRODUCTS_DIR; };
		A5C1A2CF2B2DE50C00969D64 /* FirstAppIOSApp.swift */ = {isa = PBXFileReference; lastKnownFileType = sourcecode.swift; path = FirstAppIOSApp.swift; sourceTree = "<group>"; };
		A5C1A2D12B2DE50C00969D64 /* ContentView.swift */ = {isa = PBXFileReference; lastKnownFileType = sourcecode.swift; path = ContentView.swift; sourceTree = "<group>"; };
		A5C1A2D32B2DE50E00969D64 /* Assets.xcassets */ = {isa = PBXFileReference; lastKnownFileType = folder.assetcatalog; path = Assets.xcassets; sourceTree = "<group>"; };
		A5C1A2D62B2DE50E00969D64 /* Preview Assets.xcassets */ = {isa = PBXFileReference; lastKnownFileType = folder.assetcatalog; path = "Preview Assets.xcassets"; sourceTree = "<group>"; };
		A5C1A2DC2B2DE50E00969D64 /* FirstAppIOSTests.xctest */ = {isa = PBXFileReference; explicitFileType = wrapper.cfbundle; includeInIndex = 0; path = FirstAppIOSTests.xctest; sourceTree = BUILT_PRODUCTS_DIR; };
		A5C1A2E02B2DE50E00969D64 /* FirstAppIOSTests.swift */ = {isa = PBXFileReference; lastKnownFileType = sourcecode.swift; path = FirstAppIOSTests.swift; sourceTree = "<group>"; };
		A5C1A2E62B2DE50E00969D64 /* FirstAppIOSUITests.xctest */ = {isa = PBXFileReference; explicitFileType = wrapper.cfbundle; includeInIndex = 0; path = FirstAppIOSUITests.xctest; sourceTree = BUILT_PRODUCTS_DIR; };
		A5C1A2EA2B2DE50E00969D64 /* FirstAppIOSUITests.swift */ = {isa = PBXFileReference; lastKnownFileType = sourcecode.swift; path = FirstAppIOSUITests.swift; sourceTree = "<group>"; };
		A5C1A2EC2B2DE50E00969D64 /* FirstAppIOSUITestsLaunchTests.swift */ = {isa = PBXFileReference; lastKnownFileType = sourcecode.swift; path = FirstAppIOSUITestsLaunchTests.swift; sourceTree = "<group>"; };
/* End PBXFileReference section */

/* Begin PBXFrameworksBuildPhase section */
		A5C1A2C92B2DE50C00969D64 /* Frameworks */ = {
			isa = PBXFrameworksBuildPhase;
			buildActionMask = 2147483647;
			files = (
			);
			runOnlyForDeploymentPostprocessing = 0;
		};
		A5C1A2D92B2DE50E00969D64 /* Frameworks */ = {
			isa = PBXFrameworksBuildPhase;
			buildActionMask = 2147483647;
			files = (
			);
			runOnlyForDeploymentPostprocessing = 0;
		};
		A5C1A2E32B2DE50E00969D64 /* Frameworks */ = {
			isa = PBXFrameworksBuildPhase;
			buildActionMask = 2147483647;
			files = (
			);
			runOnlyForDeploymentPostprocessing = 0;
		};
/* End PBXFrameworksBuildPhase section */

/* Begin PBXGroup section */
		A5C1A2C32B2DE50C00969D64 = {
			isa = PBXGroup;
			children = (
				A5C1A2CE2B2DE50C00969D64 /* FirstAppIOS */,
				A5C1A2DF2B2DE50E00969D64 /* FirstAppIOSTests */,
				A5C1A2E92B2DE50E00969D64 /* FirstAppIOSUITests */,
				A5C1A2CD2B2DE50C00969D64 /* Products */,
			);
			sourceTree = "<group>";
		};
		A5C1A2CD2B2DE50C00969D64 /* Products */ = {
			isa = PBXGroup;
			children = (
				A5C1A2CC2B2DE50C00969D64 /* FirstAppIOS.app */,
				A5C1A2DC2B2DE50E00969D64 /* FirstAppIOSTests.xctest */,
				A5C1A2E62B2DE50E00969D64 /* FirstAppIOSUITests.xctest */,
			);
			name = Products;
			sourceTree = "<group>";
		};
		A5C1A2CE2B2DE50C00969D64 /* FirstAppIOS */ = {
			isa = PBXGroup;
			children = (
				A5C1A2CF2B2DE50C00969D64 /* FirstAppIOSApp.swift */,
				A5C1A2D12B2DE50C00969D64 /* ContentView.swift */,
				A5C1A2D32B2DE50E00969D64 /* Assets.xcassets */,
				A5C1A2D52B2DE50E00969D64 /* Preview Content */,
			);
			path = FirstAppIOS;
			sourceTree = "<group>";
		};
		A5C1A2D52B2DE50E00969D64 /* Preview Content */ = {
			isa = PBXGroup;
			children = (
				A5C1A2D62B2DE50E00969D64 /* Preview Assets.xcassets */,
			);
			path = "Preview Content";
			sourceTree = "<group>";
		};
		A5C1A2DF2B2DE50E00969D64 /* FirstAppIOSTests */ = {
			isa = PBXGroup;
			children = (
				A5C1A2E02B2DE50E00969D64 /* FirstAppIOSTests.swift */,
			);
			path = FirstAppIOSTests;
			sourceTree = "<group>";
		};
		A5C1A2E92B2DE50E00969D64 /* FirstAppIOSUITests */ = {
			isa = PBXGroup;
			children = (
				A5C1A2EA2B2DE50E00969D64 /* FirstAppIOSUITests.swift */,
				A5C1A2EC2B2DE50E00969D64 /* FirstAppIOSUITestsLaunchTests.swift */,
			);
			path = FirstAppIOSUITests;
			sourceTree = "<group>";
		};
/* End PBXGroup section */

/* Begin PBXNativeTarget section */
		A5C1A2CB2B2DE50C00969D64 /* FirstAppIOS */ = {
			isa = PBXNativeTarget;
			buildConfigurationList = A5C1A2F02B2DE50E00969D64 /* Build configuration list for PBXNativeTarget "FirstAppIOS" */;
			buildPhases = (
				A5C1A2C82B2DE50C00969D64 /* Sources */,
				A5C1A2C92B2DE50C00969D64 /* Frameworks */,
				A5C1A2CA2B2DE50C00969D64 /* Resources */,
			);
			buildRules = (
			);
			dependencies = (
			);
			name = FirstAppIOS;
			productName = FirstAppIOS;
			productReference = A5C1A2CC2B2DE50C00969D64 /* FirstAppIOS.app */;
			productType = "com.apple.product-type.application";
		};
		A5C1A2DB2B2DE50E00969D64 /* FirstAppIOSTests */ = {
			isa = PBXNativeTarget;
			buildConfigurationList = A5C1A2F32B2DE50E00969D64 /* Build configuration list for PBXNativeTarget "FirstAppIOSTests" */;
			buildPhases = (
				A5C1A2D82B2DE50E00969D64 /* Sources */,
				A5C1A2D92B2DE50E00969D64 /* Frameworks */,
				A5C1A2DA2B2DE50E00969D64 /* Resources */,
			);
			buildRules = (
			);
			dependencies = (
				A5C1A2DE2B2DE50E00969D64 /* PBXTargetDependency */,
			);
			name = FirstAppIOSTests;
			productName = FirstAppIOSTests;
			productReference = A5C1A2DC2B2DE50E00969D64 /* FirstAppIOSTests.xctest */;
			productType = "com.apple.product-type.bundle.unit-test";
		};
		A5C1A2E52B2DE50E00969D64 /* FirstAppIOSUITests */ = {
			isa = PBXNativeTarget;
			buildConfigurationList = A5C1A2F62B2DE50E00969D64 /* Build configuration list for PBXNativeTarget "FirstAppIOSUITests" */;
			buildPhases = (
				A5C1A2E22B2DE50E00969D64 /* Sources */,
				A5C1A2E32B2DE50E00969D64 /* Frameworks */,
				A5C1A2E42B2DE50E00969D64 /* Resources */,
			);
			buildRules = (
			);
			dependencies = (
				A5C1A2E82B2DE50E00969D64 /* PBXTargetDependency */,
			);
			name = FirstAppIOSUITests;
			productName = FirstAppIOSUITests;
			productReference = A5C1A2E62B2DE50E00969D64 /* FirstAppIOSUITests.xctest */;
			productType = "com.apple.product-type.bundle.ui-testing";
		};
/* End PBXNativeTarget section */

/* Begin PBXProject section */
		A5C1A2C42B2DE50C00969D64 /* Project object */ = {
			isa = PBXProject;
			attributes = {
				BuildIndependentTargetsInParallel = 1;
				LastSwiftUpdateCheck = 1510;
				LastUpgradeCheck = 1510;
				TargetAttributes = {
					A5C1A2CB2B2DE50C00969D64 = {
						CreatedOnToolsVersion = 15.1;
					};
					A5C1A2DB2B2DE50E00969D64 = {
						CreatedOnToolsVersion = 15.1;
						TestTargetID = A5C1A2CB2B2DE50C00969D64;
					};
					A5C1A2E52B2DE50E00969D64 = {
						CreatedOnToolsVersion = 15.1;
						TestTargetID = A5C1A2CB2B2DE50C00969D64;
					};
				};
			};
			buildConfigurationList = A5C1A2C72B2DE50C00969D64 /* Build configuration list for PBXProject "FirstAppIOS" */;
			compatibilityVersion = "Xcode 14.0";
			developmentRegion = en;
			hasScannedForEncodings = 0;
			knownRegions = (
				en,
				Base,
			);
			mainGroup = A5C1A2C32B2DE50C00969D64;
			productRefGroup = A5C1A2CD2B2DE50C00969D64 /* Products */;
			projectDirPath = "";
			projectRoot = "";
			targets = (
				A5C1A2CB2B2DE50C00969D64 /* FirstAppIOS */,
				A5C1A2DB2B2DE50E00969D64 /* FirstAppIOSTests */,
				A5C1A2E52B2DE50E00969D64 /* FirstAppIOSUITests */,
			);
		};
/* End PBXProject section */

/* Begin PBXResourcesBuildPhase section */
		A5C1A2CA2B2DE50C00969D64 /* Resources */ = {
			isa = PBXResourcesBuildPhase;
			buildActionMask = 2147483647;
			files = (
				A5C1A2D72B2DE50E00969D64 /* Preview Assets.xcassets in Resources */,
				A5C1A2D42B2DE50E00969D64 /* Assets.xcassets in Resources */,
			);
			runOnlyForDeploymentPostprocessing = 0;
		};
		A5C1A2DA2B2DE50E00969D64 /* Resources */ = {
			isa = PBXResourcesBuildPhase;
			buildActionMask = 2147483647;
			files = (
			);
			runOnlyForDeploymentPostprocessing = 0;
		};
		A5C1A2E42B2DE50E00969D64 /* Resources */ = {
			isa = PBXResourcesBuildPhase;
			buildActionMask = 2147483647;
			files = (
			);
			runOnlyForDeploymentPostprocessing = 0;
		};
/* End PBXResourcesBuildPhase section */

/* Begin PBXSourcesBuildPhase section */
		A5C1A2C82B2DE50C00969D64 /* Sources */ = {
			isa = PBXSourcesBuildPhase;
			buildActionMask = 2147483647;
			files = (
				A5C1A2D22B2DE50C00969D64 /* ContentView.swift in Sources */,
				A5C1A2D02B2DE50C00969D64 /* FirstAppIOSApp.swift in Sources */,
			);
			runOnlyForDeploymentPostprocessing = 0;
		};
		A5C1A2D82B2DE50E00969D64 /* Sources */ = {
			isa = PBXSourcesBuildPhase;
			buildActionMask = 2147483647;
			files = (
				A5C1A2E12B2DE50E00969D64 /* FirstAppIOSTests.swift in Sources */,
			);
			runOnlyForDeploymentPostprocessing = 0;
		};
		A5C1A2E22B2DE50E00969D64 /* Sources */ = {
			isa = PBXSourcesBuildPhase;
			buildActionMask = 2147483647;
			files = (
				A5C1A2EB2B2DE50E00969D64 /* FirstAppIOSUITests.swift in Sources */,
				A5C1A2ED2B2DE50E00969D64 /* FirstAppIOSUITestsLaunchTests.swift in Sources */,
			);
			runOnlyForDeploymentPostprocessing = 0;
		};
/* End PBXSourcesBuildPhase section */

/* Begin PBXTargetDependency section */
		A5C1A2DE2B2DE50E00969D64 /* PBXTargetDependency */ = {
			isa = PBXTargetDependency;
			target = A5C1A2CB2B2DE50C00969D64 /* FirstAppIOS */;
			targetProxy = A5C1A2DD2B2DE50E00969D64 /* PBXContainerItemProxy */;
		};
		A5C1A2E82B2DE50E00969D64 /* PBXTargetDependency */ = {
			isa = PBXTargetDependency;
			target = A5C1A2CB2B2DE50C00969D64 /* FirstAppIOS */;
			targetProxy = A5C1A2E72B2DE50E00969D64 /* PBXContainerItemProxy */;
		};
/* End PBXTargetDependency section */

/* Begin XCBuildConfiguration section */
		A5C1A2EE2B2DE50E00969D64 /* Debug */ = {
			isa = XCBuildConfiguration;
			buildSettings = {
				ALWAYS_SEARCH_USER_PATHS = NO;
				ASSETCATALOG_COMPILER_GENERATE_SWIFT_ASSET_SYMBOL_EXTENSIONS = YES;
				CLANG_ANALYZER_NONNULL = YES;
				CLANG_ANALYZER_NUMBER_OBJECT_CONVERSION = YES_AGGRESSIVE;
				CLANG_CXX_LANGUAGE_STANDARD = "gnu++20";
				CLANG_ENABLE_MODULES = YES;
				CLANG_ENABLE_OBJC_ARC = YES;
				CLANG_ENABLE_OBJC_WEAK = YES;
				CLANG_WARN_BLOCK_CAPTURE_AUTORELEASING = YES;
				CLANG_WARN_BOOL_CONVERSION = YES;
				CLANG_WARN_COMMA = YES;
				CLANG_WARN_CONSTANT_CONVERSION = YES;
				CLANG_WARN_DEPRECATED_OBJC_IMPLEMENTATIONS = YES;
				CLANG_WARN_DIRECT_OBJC_ISA_USAGE = YES_ERROR;
				CLANG_WARN_DOCUMENTATION_COMMENTS = YES;
				CLANG_WARN_EMPTY_BODY = YES;
				CLANG_WARN_ENUM_CONVERSION = YES;
				CLANG_WARN_INFINITE_RECURSION = YES;
				CLANG_WARN_INT_CONVERSION = YES;
				CLANG_WARN_NON_LITERAL_NULL_CONVERSION = YES;
				CLANG_WARN_OBJC_IMPLICIT_RETAIN_SELF = YES;
				CLANG_WARN_OBJC_LITERAL_CONVERSION = YES;
				CLANG_WARN_OBJC_ROOT_CLASS = YES_ERROR;
				CLANG_WARN_QUOTED_INCLUDE_IN_FRAMEWORK_HEADER = YES;
				CLANG_WARN_RANGE_LOOP_ANALYSIS = YES;
				CLANG_WARN_STRICT_PROTOTYPES = YES;
				CLANG_WARN_SUSPICIOUS_MOVE = YES;
				CLANG_WARN_UNGUARDED_AVAILABILITY = YES_AGGRESSIVE;
				CLANG_WARN_UNREACHABLE_CODE = YES;
				CLANG_WARN__DUPLICATE_METHOD_MATCH = YES;
				COPY_PHASE_STRIP = NO;
				DEBUG_INFORMATION_FORMAT = dwarf;
				ENABLE_STRICT_OBJC_MSGSEND = YES;
				ENABLE_TESTABILITY = YES;
				ENABLE_USER_SCRIPT_SANDBOXING = YES;
				GCC_C_LANGUAGE_STANDARD = gnu17;
				GCC_DYNAMIC_NO_PIC = NO;
				GCC_NO_COMMON_BLOCKS = YES;
				GCC_OPTIMIZATION_LEVEL = 0;
				GCC_PREPROCESSOR_DEFINITIONS = (
					"DEBUG=1",
					"$(inherited)",
				);
				GCC_WARN_64_TO_32_BIT_CONVERSION = YES;
				GCC_WARN_ABOUT_RETURN_TYPE = YES_ERROR;
				GCC_WARN_UNDECLARED_SELECTOR = YES;
				GCC_WARN_UNINITIALIZED_AUTOS = YES_AGGRESSIVE;
				GCC_WARN_UNUSED_FUNCTION = YES;
				GCC_WARN_UNUSED_VARIABLE = YES;
				IPHONEOS_DEPLOYMENT_TARGET = 17.2;
				LOCALIZATION_PREFERS_STRING_CATALOGS = YES;
				MTL_ENABLE_DEBUG_INFO = INCLUDE_SOURCE;
				MTL_FAST_MATH = YES;
				ONLY_ACTIVE_ARCH = YES;
				SDKROOT = iphoneos;
				SWIFT_ACTIVE_COMPILATION_CONDITIONS = "DEBUG $(inherited)";
				SWIFT_OPTIMIZATION_LEVEL = "-Onone";
			};
			name = Debug;
		};
		A5C1A2EF2B2DE50E00969D64 /* Release */ = {
			isa = XCBuildConfiguration;
			buildSettings = {
				ALWAYS_SEARCH_USER_PATHS = NO;
				ASSETCATALOG_COMPILER_GENERATE_SWIFT_ASSET_SYMBOL_EXTENSIONS = YES;
				CLANG_ANALYZER_NONNULL = YES;
				CLANG_ANALYZER_NUMBER_OBJECT_CONVERSION = YES_AGGRESSIVE;
				CLANG_CXX_LANGUAGE_STANDARD = "gnu++20";
				CLANG_ENABLE_MODULES = YES;
				CLANG_ENABLE_OBJC_ARC = YES;
				CLANG_ENABLE_OBJC_WEAK = YES;
				CLANG_WARN_BLOCK_CAPTURE_AUTORELEASING = YES;
				CLANG_WARN_BOOL_CONVERSION = YES;
				CLANG_WARN_COMMA = YES;
				CLANG_WARN_CONSTANT_CONVERSION = YES;
				CLANG_WARN_DEPRECATED_OBJC_IMPLEMENTATIONS = YES;
				CLANG_WARN_DIRECT_OBJC_ISA_USAGE = YES_ERROR;
				CLANG_WARN_DOCUMENTATION_COMMENTS = YES;
				CLANG_WARN_EMPTY_BODY = YES;
				CLANG_WARN_ENUM_CONVERSION = YES;
				CLANG_WARN_INFINITE_RECURSION = YES;
				CLANG_WARN_INT_CONVERSION = YES;
				CLANG_WARN_NON_LITERAL_NULL_CONVERSION = YES;
				CLANG_WARN_OBJC_IMPLICIT_RETAIN_SELF = YES;
				CLANG_WARN_OBJC_LITERAL_CONVERSION = YES;
				CLANG_WARN_OBJC_ROOT_CLASS = YES_ERROR;
				CLANG_WARN_QUOTED_INCLUDE_IN_FRAMEWORK_HEADER = YES;
				CLANG_WARN_RANGE_LOOP_ANALYSIS = YES;
				CLANG_WARN_STRICT_PROTOTYPES = YES;
				CLANG_WARN_SUSPICIOUS_MOVE = YES;
				CLANG_WARN_UNGUARDED_AVAILABILITY = YES_AGGRESSIVE;
				CLANG_WARN_UNREACHABLE_CODE = YES;
				CLANG_WARN__DUPLICATE_METHOD_MATCH = YES;
				COPY_PHASE_STRIP = NO;
				DEBUG_INFORMATION_FORMAT = "dwarf-with-dsym";
				ENABLE_NS_ASSERTIONS = NO;
				ENABLE_STRICT_OBJC_MSGSEND = YES;
				ENABLE_USER_SCRIPT_SANDBOXING = YES;
				GCC_C_LANGUAGE_STANDARD = gnu17;
				GCC_NO_COMMON_BLOCKS = YES;
				GCC_WARN_64_TO_32_BIT_CONVERSION = YES;
				GCC_WARN_ABOUT_RETURN_TYPE = YES_ERROR;
				GCC_WARN_UNDECLARED_SELECTOR = YES;
				GCC_WARN_UNINITIALIZED_AUTOS = YES_AGGRESSIVE;
				GCC_WARN_UNUSED_FUNCTION = YES;
				GCC_WARN_UNUSED_VARIABLE = YES;
				IPHONEOS_DEPLOYMENT_TARGET = 17.2;
				LOCALIZATION_PREFERS_STRING_CATALOGS = YES;
				MTL_ENABLE_DEBUG_INFO = NO;
				MTL_FAST_MATH = YES;
				SDKROOT = iphoneos;
				SWIFT_COMPILATION_MODE = wholemodule;
				VALIDATE_PRODUCT = YES;
			};
			name = Release;
		};
		A5C1A2F12B2DE50E00969D64 /* Debug */ = {
			isa = XCBuildConfiguration;
			buildSettings = {
				ASSETCATALOG_COMPILER_APPICON_NAME = AppIcon;
				ASSETCATALOG_COMPILER_GLOBAL_ACCENT_COLOR_NAME = AccentColor;
				CODE_SIGN_STYLE = Automatic;
				CURRENT_PROJECT_VERSION = 1;
				DEVELOPMENT_ASSET_PATHS = "\"FirstAppIOS/Preview Content\"";
				ENABLE_PREVIEWS = YES;
				GENERATE_INFOPLIST_FILE = YES;
				INFOPLIST_KEY_UIApplicationSceneManifest_Generation = YES;
				INFOPLIST_KEY_UIApplicationSupportsIndirectInputEvents = YES;
				INFOPLIST_KEY_UILaunchScreen_Generation = YES;
				INFOPLIST_KEY_UISupportedInterfaceOrientations_iPad = "UIInterfaceOrientationPortrait UIInterfaceOrientationPortraitUpsideDown UIInterfaceOrientationLandscapeLeft UIInterfaceOrientationLandscapeRight";
				INFOPLIST_KEY_UISupportedInterfaceOrientations_iPhone = "UIInterfaceOrientationPortrait UIInterfaceOrientationLandscapeLeft UIInterfaceOrientationLandscapeRight";
				LD_RUNPATH_SEARCH_PATHS = (
					"$(inherited)",
					"@executable_path/Frameworks",
				);
				MARKETING_VERSION = 1.0;
				PRODUCT_BUNDLE_IDENTIFIER = com.firstappios.FirstAppIOS;
				PRODUCT_NAME = "$(TARGET_NAME)";
				SWIFT_EMIT_LOC_STRINGS = YES;
				SWIFT_VERSION = 5.0;
				TARGETED_DEVICE_FAMILY = "1,2";
			};
			name = Debug;
		};
		A5C1A2F22B2DE50E00969D64 /* Release */ = {
			isa = XCBuildConfiguration;
			buildSettings = {
				ASSETCATALOG_COMPILER_APPICON_NAME = AppIcon;
				ASSETCATALOG_COMPILER_GLOBAL_ACCENT_COLOR_NAME = AccentColor;
				CODE_SIGN_STYLE = Automatic;
				CURRENT_PROJECT_VERSION = 1;
				DEVELOPMENT_ASSET_PATHS = "\"FirstAppIOS/Preview Content\"";
				ENABLE_PREVIEWS = YES;
				GENERATE_INFOPLIST_FILE = YES;
				INFOPLIST_KEY_UIApplicationSceneManifest_Generation = YES;
				INFOPLIST_KEY_UIApplicationSupportsIndirectInputEvents = YES;
				INFOPLIST_KEY_UILaunchScreen_Generation = YES;
				INFOPLIST_KEY_UISupportedInterfaceOrientations_iPad = "UIInterfaceOrientationPortrait UIInterfaceOrientationPortraitUpsideDown UIInterfaceOrientationLandscapeLeft UIInterfaceOrientationLandscapeRight";
				INFOPLIST_KEY_UISupportedInterfaceOrientations_iPhone = "UIInterfaceOrientationPortrait UIInterfaceOrientationLandscapeLeft UIInterfaceOrientationLandscapeRight";
				LD_RUNPATH_SEARCH_PATHS = (
					"$(inherited)",
					"@executable_path/Frameworks",
				);
				MARKETING_VERSION = 1.0;
				PRODUCT_BUNDLE_IDENTIFIER = com.firstappios.FirstAppIOS;
				PRODUCT_NAME = "$(TARGET_NAME)";
				SWIFT_EMIT_LOC_STRINGS = YES;
				SWIFT_VERSION = 5.0;
				TARGETED_DEVICE_FAMILY = "1,2";
			};
			name = Release;
		};
		A5C1A2F42B2DE50E00969D64 /* Debug */ = {
			isa = XCBuildConfiguration;
			buildSettings = {
				ALWAYS_EMBED_SWIFT_STANDARD_LIBRARIES = YES;
				BUNDLE_LOADER = "$(TEST_HOST)";
				CODE_SIGN_STYLE = Automatic;
				CURRENT_PROJECT_VERSION = 1;
				GENERATE_INFOPLIST_FILE = YES;
				IPHONEOS_DEPLOYMENT_TARGET = 17.2;
				MARKETING_VERSION = 1.0;
				PRODUCT_BUNDLE_IDENTIFIER = com.firstappios.FirstAppIOSTests;
				PRODUCT_NAME = "$(TARGET_NAME)";
				SWIFT_EMIT_LOC_STRINGS = NO;
				SWIFT_VERSION = 5.0;
				TARGETED_DEVICE_FAMILY = "1,2";
				TEST_HOST = "$(BUILT_PRODUCTS_DIR)/FirstAppIOS.app/$(BUNDLE_EXECUTABLE_FOLDER_PATH)/FirstAppIOS";
			};
			name = Debug;
		};
		A5C1A2F52B2DE50E00969D64 /* Release */ = {
			isa = XCBuildConfiguration;
			buildSettings = {
				ALWAYS_EMBED_SWIFT_STANDARD_LIBRARIES = YES;
				BUNDLE_LOADER = "$(TEST_HOST)";
				CODE_SIGN_STYLE = Automatic;
				CURRENT_PROJECT_VERSION = 1;
				GENERATE_INFOPLIST_FILE = YES;
				IPHONEOS_DEPLOYMENT_TARGET = 17.2;
				MARKETING_VERSION = 1.0;
				PRODUCT_BUNDLE_IDENTIFIER = com.firstappios.FirstAppIOSTests;
				PRODUCT_NAME = "$(TARGET_NAME)";
				SWIFT_EMIT_LOC_STRINGS = NO;
				SWIFT_VERSION = 5.0;
				TARGETED_DEVICE_FAMILY = "1,2";
				TEST_HOST = "$(BUILT_PRODUCTS_DIR)/FirstAppIOS.app/$(BUNDLE_EXECUTABLE_FOLDER_PATH)/FirstAppIOS";
			};
			name = Release;
		};
		A5C1A2F72B2DE50E00969D64 /* Debug */ = {
			isa = XCBuildConfiguration;
			buildSettings = {
				ALWAYS_EMBED_SWIFT_STANDARD_LIBRARIES = YES;
				CODE_SIGN_STYLE = Automatic;
				CURRENT_PROJECT_VERSION = 1;
				GENERATE_INFOPLIST_FILE = YES;
				MARKETING_VERSION = 1.0;
				PRODUCT_BUNDLE_IDENTIFIER = com.firstappios.FirstAppIOSUITests;
				PRODUCT_NAME = "$(TARGET_NAME)";
				SWIFT_EMIT_LOC_STRINGS = NO;
				SWIFT_VERSION = 5.0;
				TARGETED_DEVICE_FAMILY = "1,2";
				TEST_TARGET_NAME = FirstAppIOS;
			};
			name = Debug;
		};
		A5C1A2F82B2DE50E00969D64 /* Release */ = {
			isa = XCBuildConfiguration;
			buildSettings = {
				ALWAYS_EMBED_SWIFT_STANDARD_LIBRARIES = YES;
				CODE_SIGN_STYLE = Automatic;
				CURRENT_PROJECT_VERSION = 1;
				GENERATE_INFOPLIST_FILE = YES;
				MARKETING_VERSION = 1.0;
				PRODUCT_BUNDLE_IDENTIFIER = com.firstappios.FirstAppIOSUITests;
				PRODUCT_NAME = "$(TARGET_NAME)";
				SWIFT_EMIT_LOC_STRINGS = NO;
				SWIFT_VERSION = 5.0;
				TARGETED_DEVICE_FAMILY = "1,2";
				TEST_TARGET_NAME = FirstAppIOS;
			};
			name = Release;
		};
/* End XCBuildConfiguration section */

/* Begin XCConfigurationList section */
		A5C1A2C72B2DE50C00969D64 /* Build configuration list for PBXProject "FirstAppIOS" */ = {
			isa = XCConfigurationList;
			buildConfigurations = (
				A5C1A2EE2B2DE50E00969D64 /* Debug */,
				A5C1A2EF2B2DE50E00969D64 /* Release */,
			);
			defaultConfigurationIsVisible = 0;
			defaultConfigurationName = Release;
		};
		A5C1A2F02B2DE50E00969D64 /* Build configuration list for PBXNativeTarget "FirstAppIOS" */ = {
			isa = XCConfigurationList;
			buildConfigurations = (
				A5C1A2F12B2DE50E00969D64 /* Debug */,
				A5C1A2F22B2DE50E00969D64 /* Release */,
			);
			defaultConfigurationIsVisible = 0;
			defaultConfigurationName = Release;
		};
		A5C1A2F32B2DE50E00969D64 /* Build configuration list for PBXNativeTarget "FirstAppIOSTests" */ = {
			isa = XCConfigurationList;
			buildConfigurations = (
				A5C1A2F42B2DE50E00969D64 /* Debug */,
				A5C1A2F52B2DE50E00969D64 /* Release */,
			);
			defaultConfigurationIsVisible = 0;
			defaultConfigurationName = Release;
		};
		A5C1A2F62B2DE50E00969D64 /* Build configuration list for PBXNativeTarget "FirstAppIOSUITests" */ = {
			isa = XCConfigurationList;
			buildConfigurations = (
				A5C1A2F72B2DE50E00969D64 /* Debug */,
				A5C1A2F82B2DE50E00969D64 /* Release */,
			);
			defaultConfigurationIsVisible = 0;
			defaultConfigurationName = Release;
		};
/* End XCConfigurationList section */
	};
	rootObject = A5C1A2C42B2DE50C00969D64 /* Project object */;
}
